// !$*UTF8*$!
{
	archiveVersion = 1;
	classes = {
	};
	objectVersion = 56;
	objects = {

/* Begin PBXBuildFile section */
		CE7838C629BC13A600FC7F09 /* SumpleteApp.swift in Sources */ = {isa = PBXBuildFile; fileRef = CE7838C529BC13A600FC7F09 /* SumpleteApp.swift */; };
		CE7838C829BC13A600FC7F09 /* ContentView.swift in Sources */ = {isa = PBXBuildFile; fileRef = CE7838C729BC13A600FC7F09 /* ContentView.swift */; };
		CE7838CA29BC13A700FC7F09 /* Assets.xcassets in Resources */ = {isa = PBXBuildFile; fileRef = CE7838C929BC13A700FC7F09 /* Assets.xcassets */; };
		CE7838CD29BC13A700FC7F09 /* Preview Assets.xcassets in Resources */ = {isa = PBXBuildFile; fileRef = CE7838CC29BC13A700FC7F09 /* Preview Assets.xcassets */; };
		CE7838D729BC13A700FC7F09 /* SumpleteTests.swift in Sources */ = {isa = PBXBuildFile; fileRef = CE7838D629BC13A700FC7F09 /* SumpleteTests.swift */; };
		CE7838E129BC13A700FC7F09 /* SumpleteUITests.swift in Sources */ = {isa = PBXBuildFile; fileRef = CE7838E029BC13A700FC7F09 /* SumpleteUITests.swift */; };
		CE7838E329BC13A700FC7F09 /* SumpleteUITestsLaunchTests.swift in Sources */ = {isa = PBXBuildFile; fileRef = CE7838E229BC13A700FC7F09 /* SumpleteUITestsLaunchTests.swift */; };
		CE7838F029BC13FE00FC7F09 /* GameLogic.swift in Sources */ = {isa = PBXBuildFile; fileRef = CE7838EF29BC13FE00FC7F09 /* GameLogic.swift */; };
/* End PBXBuildFile section */

/* Begin PBXContainerItemProxy section */
		CE7838D329BC13A700FC7F09 /* PBXContainerItemProxy */ = {
			isa = PBXContainerItemProxy;
			containerPortal = CE7838BA29BC13A600FC7F09 /* Project object */;
			proxyType = 1;
			remoteGlobalIDString = CE7838C129BC13A600FC7F09;
			remoteInfo = Sumplete;
		};
		CE7838DD29BC13A700FC7F09 /* PBXContainerItemProxy */ = {
			isa = PBXContainerItemProxy;
			containerPortal = CE7838BA29BC13A600FC7F09 /* Project object */;
			proxyType = 1;
			remoteGlobalIDString = CE7838C129BC13A600FC7F09;
			remoteInfo = Sumplete;
		};
/* End PBXContainerItemProxy section */

/* Begin PBXFileReference section */
		CE7838C229BC13A600FC7F09 /* Sumplete.app */ = {isa = PBXFileReference; explicitFileType = wrapper.application; includeInIndex = 0; path = Sumplete.app; sourceTree = BUILT_PRODUCTS_DIR; };
		CE7838C529BC13A600FC7F09 /* SumpleteApp.swift */ = {isa = PBXFileReference; lastKnownFileType = sourcecode.swift; path = SumpleteApp.swift; sourceTree = "<group>"; };
		CE7838C729BC13A600FC7F09 /* ContentView.swift */ = {isa = PBXFileReference; lastKnownFileType = sourcecode.swift; path = ContentView.swift; sourceTree = "<group>"; };
		CE7838C929BC13A700FC7F09 /* Assets.xcassets */ = {isa = PBXFileReference; lastKnownFileType = folder.assetcatalog; path = Assets.xcassets; sourceTree = "<group>"; };
		CE7838CC29BC13A700FC7F09 /* Preview Assets.xcassets */ = {isa = PBXFileReference; lastKnownFileType = folder.assetcatalog; path = "Preview Assets.xcassets"; sourceTree = "<group>"; };
		CE7838D229BC13A700FC7F09 /* SumpleteTests.xctest */ = {isa = PBXFileReference; explicitFileType = wrapper.cfbundle; includeInIndex = 0; path = SumpleteTests.xctest; sourceTree = BUILT_PRODUCTS_DIR; };
		CE7838D629BC13A700FC7F09 /* SumpleteTests.swift */ = {isa = PBXFileReference; lastKnownFileType = sourcecode.swift; path = SumpleteTests.swift; sourceTree = "<group>"; };
		CE7838DC29BC13A700FC7F09 /* SumpleteUITests.xctest */ = {isa = PBXFileReference; explicitFileType = wrapper.cfbundle; includeInIndex = 0; path = SumpleteUITests.xctest; sourceTree = BUILT_PRODUCTS_DIR; };
		CE7838E029BC13A700FC7F09 /* SumpleteUITests.swift */ = {isa = PBXFileReference; lastKnownFileType = sourcecode.swift; path = SumpleteUITests.swift; sourceTree = "<group>"; };
		CE7838E229BC13A700FC7F09 /* SumpleteUITestsLaunchTests.swift */ = {isa = PBXFileReference; lastKnownFileType = sourcecode.swift; path = SumpleteUITestsLaunchTests.swift; sourceTree = "<group>"; };
		CE7838EF29BC13FE00FC7F09 /* GameLogic.swift */ = {isa = PBXFileReference; lastKnownFileType = sourcecode.swift; path = GameLogic.swift; sourceTree = "<group>"; };
/* End PBXFileReference section */

/* Begin PBXFrameworksBuildPhase section */
		CE7838BF29BC13A600FC7F09 /* Frameworks */ = {
			isa = PBXFrameworksBuildPhase;
			buildActionMask = 2147483647;
			files = (
			);
			runOnlyForDeploymentPostprocessing = 0;
		};
		CE7838CF29BC13A700FC7F09 /* Frameworks */ = {
			isa = PBXFrameworksBuildPhase;
			buildActionMask = 2147483647;
			files = (
			);
			runOnlyForDeploymentPostprocessing = 0;
		};
		CE7838D929BC13A700FC7F09 /* Frameworks */ = {
			isa = PBXFrameworksBuildPhase;
			buildActionMask = 2147483647;
			files = (
			);
			runOnlyForDeploymentPostprocessing = 0;
		};
/* End PBXFrameworksBuildPhase section */

/* Begin PBXGroup section */
		CE7838B929BC13A600FC7F09 = {
			isa = PBXGroup;
			children = (
				CE7838C429BC13A600FC7F09 /* Sumplete */,
				CE7838D529BC13A700FC7F09 /* SumpleteTests */,
				CE7838DF29BC13A700FC7F09 /* SumpleteUITests */,
				CE7838C329BC13A600FC7F09 /* Products */,
			);
			sourceTree = "<group>";
		};
		CE7838C329BC13A600FC7F09 /* Products */ = {
			isa = PBXGroup;
			children = (
				CE7838C229BC13A600FC7F09 /* Sumplete.app */,
				CE7838D229BC13A700FC7F09 /* SumpleteTests.xctest */,
				CE7838DC29BC13A700FC7F09 /* SumpleteUITests.xctest */,
			);
			name = Products;
			sourceTree = "<group>";
		};
		CE7838C429BC13A600FC7F09 /* Sumplete */ = {
			isa = PBXGroup;
			children = (
				CE7838C529BC13A600FC7F09 /* SumpleteApp.swift */,
				CE7838C729BC13A600FC7F09 /* ContentView.swift */,
				CE7838C929BC13A700FC7F09 /* Assets.xcassets */,
				CE7838CB29BC13A700FC7F09 /* Preview Content */,
				CE7838EF29BC13FE00FC7F09 /* GameLogic.swift */,
			);
			path = Sumplete;
			sourceTree = "<group>";
		};
		CE7838CB29BC13A700FC7F09 /* Preview Content */ = {
			isa = PBXGroup;
			children = (
				CE7838CC29BC13A700FC7F09 /* Preview Assets.xcassets */,
			);
			path = "Preview Content";
			sourceTree = "<group>";
		};
		CE7838D529BC13A700FC7F09 /* SumpleteTests */ = {
			isa = PBXGroup;
			children = (
				CE7838D629BC13A700FC7F09 /* SumpleteTests.swift */,
			);
			path = SumpleteTests;
			sourceTree = "<group>";
		};
		CE7838DF29BC13A700FC7F09 /* SumpleteUITests */ = {
			isa = PBXGroup;
			children = (
				CE7838E029BC13A700FC7F09 /* SumpleteUITests.swift */,
				CE7838E229BC13A700FC7F09 /* SumpleteUITestsLaunchTests.swift */,
			);
			path = SumpleteUITests;
			sourceTree = "<group>";
		};
/* End PBXGroup section */

/* Begin PBXNativeTarget section */
		CE7838C129BC13A600FC7F09 /* Sumplete */ = {
			isa = PBXNativeTarget;
			buildConfigurationList = CE7838E629BC13A700FC7F09 /* Build configuration list for PBXNativeTarget "Sumplete" */;
			buildPhases = (
				CE7838BE29BC13A600FC7F09 /* Sources */,
				CE7838BF29BC13A600FC7F09 /* Frameworks */,
				CE7838C029BC13A600FC7F09 /* Resources */,
			);
			buildRules = (
			);
			dependencies = (
			);
			name = Sumplete;
			productName = Sumplete;
			productReference = CE7838C229BC13A600FC7F09 /* Sumplete.app */;
			productType = "com.apple.product-type.application";
		};
		CE7838D129BC13A700FC7F09 /* SumpleteTests */ = {
			isa = PBXNativeTarget;
			buildConfigurationList = CE7838E929BC13A700FC7F09 /* Build configuration list for PBXNativeTarget "SumpleteTests" */;
			buildPhases = (
				CE7838CE29BC13A700FC7F09 /* Sources */,
				CE7838CF29BC13A700FC7F09 /* Frameworks */,
				CE7838D029BC13A700FC7F09 /* Resources */,
			);
			buildRules = (
			);
			dependencies = (
				CE7838D429BC13A700FC7F09 /* PBXTargetDependency */,
			);
			name = SumpleteTests;
			productName = SumpleteTests;
			productReference = CE7838D229BC13A700FC7F09 /* SumpleteTests.xctest */;
			productType = "com.apple.product-type.bundle.unit-test";
		};
		CE7838DB29BC13A700FC7F09 /* SumpleteUITests */ = {
			isa = PBXNativeTarget;
			buildConfigurationList = CE7838EC29BC13A700FC7F09 /* Build configuration list for PBXNativeTarget "SumpleteUITests" */;
			buildPhases = (
				CE7838D829BC13A700FC7F09 /* Sources */,
				CE7838D929BC13A700FC7F09 /* Frameworks */,
				CE7838DA29BC13A700FC7F09 /* Resources */,
			);
			buildRules = (
			);
			dependencies = (
				CE7838DE29BC13A700FC7F09 /* PBXTargetDependency */,
			);
			name = SumpleteUITests;
			productName = SumpleteUITests;
			productReference = CE7838DC29BC13A700FC7F09 /* SumpleteUITests.xctest */;
			productType = "com.apple.product-type.bundle.ui-testing";
		};
/* End PBXNativeTarget section */

/* Begin PBXProject section */
		CE7838BA29BC13A600FC7F09 /* Project object */ = {
			isa = PBXProject;
			attributes = {
				BuildIndependentTargetsInParallel = 1;
				LastSwiftUpdateCheck = 1420;
				LastUpgradeCheck = 1420;
				TargetAttributes = {
					CE7838C129BC13A600FC7F09 = {
						CreatedOnToolsVersion = 14.2;
					};
					CE7838D129BC13A700FC7F09 = {
						CreatedOnToolsVersion = 14.2;
						TestTargetID = CE7838C129BC13A600FC7F09;
					};
					CE7838DB29BC13A700FC7F09 = {
						CreatedOnToolsVersion = 14.2;
						TestTargetID = CE7838C129BC13A600FC7F09;
					};
				};
			};
			buildConfigurationList = CE7838BD29BC13A600FC7F09 /* Build configuration list for PBXProject "Sumplete" */;
			compatibilityVersion = "Xcode 14.0";
			developmentRegion = en;
			hasScannedForEncodings = 0;
			knownRegions = (
				en,
				Base,
			);
			mainGroup = CE7838B929BC13A600FC7F09;
			productRefGroup = CE7838C329BC13A600FC7F09 /* Products */;
			projectDirPath = "";
			projectRoot = "";
			targets = (
				CE7838C129BC13A600FC7F09 /* Sumplete */,
				CE7838D129BC13A700FC7F09 /* SumpleteTests */,
				CE7838DB29BC13A700FC7F09 /* SumpleteUITests */,
			);
		};
/* End PBXProject section */

/* Begin PBXResourcesBuildPhase section */
		CE7838C029BC13A600FC7F09 /* Resources */ = {
			isa = PBXResourcesBuildPhase;
			buildActionMask = 2147483647;
			files = (
				CE7838CD29BC13A700FC7F09 /* Preview Assets.xcassets in Resources */,
				CE7838CA29BC13A700FC7F09 /* Assets.xcassets in Resources */,
			);
			runOnlyForDeploymentPostprocessing = 0;
		};
		CE7838D029BC13A700FC7F09 /* Resources */ = {
			isa = PBXResourcesBuildPhase;
			buildActionMask = 2147483647;
			files = (
			);
			runOnlyForDeploymentPostprocessing = 0;
		};
		CE7838DA29BC13A700FC7F09 /* Resources */ = {
			isa = PBXResourcesBuildPhase;
			buildActionMask = 2147483647;
			files = (
			);
			runOnlyForDeploymentPostprocessing = 0;
		};
/* End PBXResourcesBuildPhase section */

/* Begin PBXSourcesBuildPhase section */
		CE7838BE29BC13A600FC7F09 /* Sources */ = {
			isa = PBXSourcesBuildPhase;
			buildActionMask = 2147483647;
			files = (
				CE7838F029BC13FE00FC7F09 /* GameLogic.swift in Sources */,
				CE7838C829BC13A600FC7F09 /* ContentView.swift in Sources */,
				CE7838C629BC13A600FC7F09 /* SumpleteApp.swift in Sources */,
			);
			runOnlyForDeploymentPostprocessing = 0;
		};
		CE7838CE29BC13A700FC7F09 /* Sources */ = {
			isa = PBXSourcesBuildPhase;
			buildActionMask = 2147483647;
			files = (
				CE7838D729BC13A700FC7F09 /* SumpleteTests.swift in Sources */,
			);
			runOnlyForDeploymentPostprocessing = 0;
		};
		CE7838D829BC13A700FC7F09 /* Sources */ = {
			isa = PBXSourcesBuildPhase;
			buildActionMask = 2147483647;
			files = (
				CE7838E329BC13A700FC7F09 /* SumpleteUITestsLaunchTests.swift in Sources */,
				CE7838E129BC13A700FC7F09 /* SumpleteUITests.swift in Sources */,
			);
			runOnlyForDeploymentPostprocessing = 0;
		};
/* End PBXSourcesBuildPhase section */

/* Begin PBXTargetDependency section */
		CE7838D429BC13A700FC7F09 /* PBXTargetDependency */ = {
			isa = PBXTargetDependency;
			target = CE7838C129BC13A600FC7F09 /* Sumplete */;
			targetProxy = CE7838D329BC13A700FC7F09 /* PBXContainerItemProxy */;
		};
		CE7838DE29BC13A700FC7F09 /* PBXTargetDependency */ = {
			isa = PBXTargetDependency;
			target = CE7838C129BC13A600FC7F09 /* Sumplete */;
			targetProxy = CE7838DD29BC13A700FC7F09 /* PBXContainerItemProxy */;
		};
/* End PBXTargetDependency section */

/* Begin XCBuildConfiguration section */
		CE7838E429BC13A700FC7F09 /* Debug */ = {
			isa = XCBuildConfiguration;
			buildSettings = {
				ALWAYS_SEARCH_USER_PATHS = NO;
				CLANG_ANALYZER_NONNULL = YES;
				CLANG_ANALYZER_NUMBER_OBJECT_CONVERSION = YES_AGGRESSIVE;
				CLANG_CXX_LANGUAGE_STANDARD = "gnu++20";
				CLANG_ENABLE_MODULES = YES;
				CLANG_ENABLE_OBJC_ARC = YES;
				CLANG_ENABLE_OBJC_WEAK = YES;
				CLANG_WARN_BLOCK_CAPTURE_AUTORELEASING = YES;
				CLANG_WARN_BOOL_CONVERSION = YES;
				CLANG_WARN_COMMA = YES;
				CLANG_WARN_CONSTANT_CONVERSION = YES;
				CLANG_WARN_DEPRECATED_OBJC_IMPLEMENTATIONS = YES;
				CLANG_WARN_DIRECT_OBJC_ISA_USAGE = YES_ERROR;
				CLANG_WARN_DOCUMENTATION_COMMENTS = YES;
				CLANG_WARN_EMPTY_BODY = YES;
				CLANG_WARN_ENUM_CONVERSION = YES;
				CLANG_WARN_INFINITE_RECURSION = YES;
				CLANG_WARN_INT_CONVERSION = YES;
				CLANG_WARN_NON_LITERAL_NULL_CONVERSION = YES;
				CLANG_WARN_OBJC_IMPLICIT_RETAIN_SELF = YES;
				CLANG_WARN_OBJC_LITERAL_CONVERSION = YES;
				CLANG_WARN_OBJC_ROOT_CLASS = YES_ERROR;
				CLANG_WARN_QUOTED_INCLUDE_IN_FRAMEWORK_HEADER = YES;
				CLANG_WARN_RANGE_LOOP_ANALYSIS = YES;
				CLANG_WARN_STRICT_PROTOTYPES = YES;
				CLANG_WARN_SUSPICIOUS_MOVE = YES;
				CLANG_WARN_UNGUARDED_AVAILABILITY = YES_AGGRESSIVE;
				CLANG_WARN_UNREACHABLE_CODE = YES;
				CLANG_WARN__DUPLICATE_METHOD_MATCH = YES;
				COPY_PHASE_STRIP = NO;
				DEBUG_INFORMATION_FORMAT = dwarf;
				ENABLE_STRICT_OBJC_MSGSEND = YES;
				ENABLE_TESTABILITY = YES;
				GCC_C_LANGUAGE_STANDARD = gnu11;
				GCC_DYNAMIC_NO_PIC = NO;
				GCC_NO_COMMON_BLOCKS = YES;
				GCC_OPTIMIZATION_LEVEL = 0;
				GCC_PREPROCESSOR_DEFINITIONS = (
					"DEBUG=1",
					"$(inherited)",
				);
				GCC_WARN_64_TO_32_BIT_CONVERSION = YES;
				GCC_WARN_ABOUT_RETURN_TYPE = YES_ERROR;
				GCC_WARN_UNDECLARED_SELECTOR = YES;
				GCC_WARN_UNINITIALIZED_AUTOS = YES_AGGRESSIVE;
				GCC_WARN_UNUSED_FUNCTION = YES;
				GCC_WARN_UNUSED_VARIABLE = YES;
				IPHONEOS_DEPLOYMENT_TARGET = 16.2;
				MTL_ENABLE_DEBUG_INFO = INCLUDE_SOURCE;
				MTL_FAST_MATH = YES;
				ONLY_ACTIVE_ARCH = YES;
				SDKROOT = iphoneos;
				SWIFT_ACTIVE_COMPILATION_CONDITIONS = DEBUG;
				SWIFT_OPTIMIZATION_LEVEL = "-Onone";
			};
			name = Debug;
		};
		CE7838E529BC13A700FC7F09 /* Release */ = {
			isa = XCBuildConfiguration;
			buildSettings = {
				ALWAYS_SEARCH_USER_PATHS = NO;
				CLANG_ANALYZER_NONNULL = YES;
				CLANG_ANALYZER_NUMBER_OBJECT_CONVERSION = YES_AGGRESSIVE;
				CLANG_CXX_LANGUAGE_STANDARD = "gnu++20";
				CLANG_ENABLE_MODULES = YES;
				CLANG_ENABLE_OBJC_ARC = YES;
				CLANG_ENABLE_OBJC_WEAK = YES;
				CLANG_WARN_BLOCK_CAPTURE_AUTORELEASING = YES;
				CLANG_WARN_BOOL_CONVERSION = YES;
				CLANG_WARN_COMMA = YES;
				CLANG_WARN_CONSTANT_CONVERSION = YES;
				CLANG_WARN_DEPRECATED_OBJC_IMPLEMENTATIONS = YES;
				CLANG_WARN_DIRECT_OBJC_ISA_USAGE = YES_ERROR;
				CLANG_WARN_DOCUMENTATION_COMMENTS = YES;
				CLANG_WARN_EMPTY_BODY = YES;
				CLANG_WARN_ENUM_CONVERSION = YES;
				CLANG_WARN_INFINITE_RECURSION = YES;
				CLANG_WARN_INT_CONVERSION = YES;
				CLANG_WARN_NON_LITERAL_NULL_CONVERSION = YES;
				CLANG_WARN_OBJC_IMPLICIT_RETAIN_SELF = YES;
				CLANG_WARN_OBJC_LITERAL_CONVERSION = YES;
				CLANG_WARN_OBJC_ROOT_CLASS = YES_ERROR;
				CLANG_WARN_QUOTED_INCLUDE_IN_FRAMEWORK_HEADER = YES;
				CLANG_WARN_RANGE_LOOP_ANALYSIS = YES;
				CLANG_WARN_STRICT_PROTOTYPES = YES;
				CLANG_WARN_SUSPICIOUS_MOVE = YES;
				CLANG_WARN_UNGUARDED_AVAILABILITY = YES_AGGRESSIVE;
				CLANG_WARN_UNREACHABLE_CODE = YES;
				CLANG_WARN__DUPLICATE_METHOD_MATCH = YES;
				COPY_PHASE_STRIP = NO;
				DEBUG_INFORMATION_FORMAT = "dwarf-with-dsym";
				ENABLE_NS_ASSERTIONS = NO;
				ENABLE_STRICT_OBJC_MSGSEND = YES;
				GCC_C_LANGUAGE_STANDARD = gnu11;
				GCC_NO_COMMON_BLOCKS = YES;
				GCC_WARN_64_TO_32_BIT_CONVERSION = YES;
				GCC_WARN_ABOUT_RETURN_TYPE = YES_ERROR;
				GCC_WARN_UNDECLARED_SELECTOR = YES;
				GCC_WARN_UNINITIALIZED_AUTOS = YES_AGGRESSIVE;
				GCC_WARN_UNUSED_FUNCTION = YES;
				GCC_WARN_UNUSED_VARIABLE = YES;
				IPHONEOS_DEPLOYMENT_TARGET = 16.2;
				MTL_ENABLE_DEBUG_INFO = NO;
				MTL_FAST_MATH = YES;
				SDKROOT = iphoneos;
				SWIFT_COMPILATION_MODE = wholemodule;
				SWIFT_OPTIMIZATION_LEVEL = "-O";
				VALIDATE_PRODUCT = YES;
			};
			name = Release;
		};
		CE7838E729BC13A700FC7F09 /* Debug */ = {
			isa = XCBuildConfiguration;
			buildSettings = {
				ASSETCATALOG_COMPILER_APPICON_NAME = AppIcon;
				ASSETCATALOG_COMPILER_GLOBAL_ACCENT_COLOR_NAME = AccentColor;
				CODE_SIGN_STYLE = Automatic;
				CURRENT_PROJECT_VERSION = 1;
				DEVELOPMENT_ASSET_PATHS = "\"Sumplete/Preview Content\"";
				DEVELOPMENT_TEAM = 5EXS9W5442;
				ENABLE_PREVIEWS = YES;
				GENERATE_INFOPLIST_FILE = YES;
				INFOPLIST_KEY_UIApplicationSceneManifest_Generation = YES;
				INFOPLIST_KEY_UIApplicationSupportsIndirectInputEvents = YES;
				INFOPLIST_KEY_UILaunchScreen_Generation = YES;
				INFOPLIST_KEY_UISupportedInterfaceOrientations_iPad = "UIInterfaceOrientationPortrait UIInterfaceOrientationPortraitUpsideDown UIInterfaceOrientationLandscapeLeft UIInterfaceOrientationLandscapeRight";
				INFOPLIST_KEY_UISupportedInterfaceOrientations_iPhone = "UIInterfaceOrientationPortrait UIInterfaceOrientationLandscapeLeft UIInterfaceOrientationLandscapeRight";
				IPHONEOS_DEPLOYMENT_TARGET = 16.1;
				LD_RUNPATH_SEARCH_PATHS = (
					"$(inherited)",
					"@executable_path/Frameworks",
				);
				MARKETING_VERSION = 1.0;
				PRODUCT_BUNDLE_IDENTIFIER = oekiaby0.Sumplete;
				PRODUCT_NAME = "$(TARGET_NAME)";
				SWIFT_EMIT_LOC_STRINGS = YES;
				SWIFT_VERSION = 5.0;
				TARGETED_DEVICE_FAMILY = "1,2";
			};
			name = Debug;
		};
		CE7838E829BC13A700FC7F09 /* Release */ = {
			isa = XCBuildConfiguration;
			buildSettings = {
				ASSETCATALOG_COMPILER_APPICON_NAME = AppIcon;
				ASSETCATALOG_COMPILER_GLOBAL_ACCENT_COLOR_NAME = AccentColor;
				CODE_SIGN_STYLE = Automatic;
				CURRENT_PROJECT_VERSION = 1;
				DEVELOPMENT_ASSET_PATHS = "\"Sumplete/Preview Content\"";
				DEVELOPMENT_TEAM = 5EXS9W5442;
				ENABLE_PREVIEWS = YES;
				GENERATE_INFOPLIST_FILE = YES;
				INFOPLIST_KEY_UIApplicationSceneManifest_Generation = YES;
				INFOPLIST_KEY_UIApplicationSupportsIndirectInputEvents = YES;
				INFOPLIST_KEY_UILaunchScreen_Generation = YES;
				INFOPLIST_KEY_UISupportedInterfaceOrientations_iPad = "UIInterfaceOrientationPortrait UIInterfaceOrientationPortraitUpsideDown UIInterfaceOrientationLandscapeLeft UIInterfaceOrientationLandscapeRight";
				INFOPLIST_KEY_UISupportedInterfaceOrientations_iPhone = "UIInterfaceOrientationPortrait UIInterfaceOrientationLandscapeLeft UIInterfaceOrientationLandscapeRight";
				IPHONEOS_DEPLOYMENT_TARGET = 16.1;
				LD_RUNPATH_SEARCH_PATHS = (
					"$(inherited)",
					"@executable_path/Frameworks",
				);
				MARKETING_VERSION = 1.0;
				PRODUCT_BUNDLE_IDENTIFIER = oekiaby0.Sumplete;
				PRODUCT_NAME = "$(TARGET_NAME)";
				SWIFT_EMIT_LOC_STRINGS = YES;
				SWIFT_VERSION = 5.0;
				TARGETED_DEVICE_FAMILY = "1,2";
			};
			name = Release;
		};
		CE7838EA29BC13A700FC7F09 /* Debug */ = {
			isa = XCBuildConfiguration;
			buildSettings = {
				ALWAYS_EMBED_SWIFT_STANDARD_LIBRARIES = YES;
				BUNDLE_LOADER = "$(TEST_HOST)";
				CODE_SIGN_STYLE = Automatic;
				CURRENT_PROJECT_VERSION = 1;
				DEVELOPMENT_TEAM = 5EXS9W5442;
				GENERATE_INFOPLIST_FILE = YES;
				IPHONEOS_DEPLOYMENT_TARGET = 16.2;
				MARKETING_VERSION = 1.0;
				PRODUCT_BUNDLE_IDENTIFIER = ibp.SumpleteTests;
				PRODUCT_NAME = "$(TARGET_NAME)";
				SWIFT_EMIT_LOC_STRINGS = NO;
				SWIFT_VERSION = 5.0;
				TARGETED_DEVICE_FAMILY = "1,2";
				TEST_HOST = "$(BUILT_PRODUCTS_DIR)/Sumplete.app/$(BUNDLE_EXECUTABLE_FOLDER_PATH)/Sumplete";
			};
			name = Debug;
		};
		CE7838EB29BC13A700FC7F09 /* Release */ = {
			isa = XCBuildConfiguration;
			buildSettings = {
				ALWAYS_EMBED_SWIFT_STANDARD_LIBRARIES = YES;
				BUNDLE_LOADER = "$(TEST_HOST)";
				CODE_SIGN_STYLE = Automatic;
				CURRENT_PROJECT_VERSION = 1;
				DEVELOPMENT_TEAM = 5EXS9W5442;
				GENERATE_INFOPLIST_FILE = YES;
				IPHONEOS_DEPLOYMENT_TARGET = 16.2;
				MARKETING_VERSION = 1.0;
				PRODUCT_BUNDLE_IDENTIFIER = ibp.SumpleteTests;
				PRODUCT_NAME = "$(TARGET_NAME)";
				SWIFT_EMIT_LOC_STRINGS = NO;
				SWIFT_VERSION = 5.0;
				TARGETED_DEVICE_FAMILY = "1,2";
				TEST_HOST = "$(BUILT_PRODUCTS_DIR)/Sumplete.app/$(BUNDLE_EXECUTABLE_FOLDER_PATH)/Sumplete";
			};
			name = Release;
		};
		CE7838ED29BC13A700FC7F09 /* Debug */ = {
			isa = XCBuildConfiguration;
			buildSettings = {
				ALWAYS_EMBED_SWIFT_STANDARD_LIBRARIES = YES;
				CODE_SIGN_STYLE = Automatic;
				CURRENT_PROJECT_VERSION = 1;
				DEVELOPMENT_TEAM = 5EXS9W5442;
				GENERATE_INFOPLIST_FILE = YES;
				MARKETING_VERSION = 1.0;
				PRODUCT_BUNDLE_IDENTIFIER = ibp.SumpleteUITests;
				PRODUCT_NAME = "$(TARGET_NAME)";
				SWIFT_EMIT_LOC_STRINGS = NO;
				SWIFT_VERSION = 5.0;
				TARGETED_DEVICE_FAMILY = "1,2";
				TEST_TARGET_NAME = Sumplete;
			};
			name = Debug;
		};
		CE7838EE29BC13A700FC7F09 /* Release */ = {
			isa = XCBuildConfiguration;
			buildSettings = {
				ALWAYS_EMBED_SWIFT_STANDARD_LIBRARIES = YES;
				CODE_SIGN_STYLE = Automatic;
				CURRENT_PROJECT_VERSION = 1;
				DEVELOPMENT_TEAM = 5EXS9W5442;
				GENERATE_INFOPLIST_FILE = YES;
				MARKETING_VERSION = 1.0;
				PRODUCT_BUNDLE_IDENTIFIER = ibp.SumpleteUITests;
				PRODUCT_NAME = "$(TARGET_NAME)";
				SWIFT_EMIT_LOC_STRINGS = NO;
				SWIFT_VERSION = 5.0;
				TARGETED_DEVICE_FAMILY = "1,2";
				TEST_TARGET_NAME = Sumplete;
			};
			name = Release;
		};
/* End XCBuildConfiguration section */

/* Begin XCConfigurationList section */
		CE7838BD29BC13A600FC7F09 /* Build configuration list for PBXProject "Sumplete" */ = {
			isa = XCConfigurationList;
			buildConfigurations = (
				CE7838E429BC13A700FC7F09 /* Debug */,
				CE7838E529BC13A700FC7F09 /* Release */,
			);
			defaultConfigurationIsVisible = 0;
			defaultConfigurationName = Release;
		};
		CE7838E629BC13A700FC7F09 /* Build configuration list for PBXNativeTarget "Sumplete" */ = {
			isa = XCConfigurationList;
			buildConfigurations = (
				CE7838E729BC13A700FC7F09 /* Debug */,
				CE7838E829BC13A700FC7F09 /* Release */,
			);
			defaultConfigurationIsVisible = 0;
			defaultConfigurationName = Release;
		};
		CE7838E929BC13A700FC7F09 /* Build configuration list for PBXNativeTarget "SumpleteTests" */ = {
			isa = XCConfigurationList;
			buildConfigurations = (
				CE7838EA29BC13A700FC7F09 /* Debug */,
				CE7838EB29BC13A700FC7F09 /* Release */,
			);
			defaultConfigurationIsVisible = 0;
			defaultConfigurationName = Release;
		};
		CE7838EC29BC13A700FC7F09 /* Build configuration list for PBXNativeTarget "SumpleteUITests" */ = {
			isa = XCConfigurationList;
			buildConfigurations = (
				CE7838ED29BC13A700FC7F09 /* Debug */,
				CE7838EE29BC13A700FC7F09 /* Release */,
			);
			defaultConfigurationIsVisible = 0;
			defaultConfigurationName = Release;
		};
/* End XCConfigurationList section */
	};
	rootObject = CE7838BA29BC13A600FC7F09 /* Project object */;
}
